// !$*UTF8*$!
{
	archiveVersion = 1;
	classes = {
	};
	objectVersion = 50;
	objects = {

/* Begin PBXBuildFile section */
		95E2A47D265D23E000F599B6 /* Bazooka.framework in Frameworks */ = {isa = PBXBuildFile; fileRef = 95E2A473265D23E000F599B6 /* Bazooka.framework */; };
		95E2A482265D23E000F599B6 /* BazookaTests.swift in Sources */ = {isa = PBXBuildFile; fileRef = 95E2A481265D23E000F599B6 /* BazookaTests.swift */; };
		95E2A484265D23E000F599B6 /* Bazooka.h in Headers */ = {isa = PBXBuildFile; fileRef = 95E2A476265D23E000F599B6 /* Bazooka.h */; settings = {ATTRIBUTES = (Public, ); }; };
		95E2A493265D264000F599B6 /* Bazooka.swift in Sources */ = {isa = PBXBuildFile; fileRef = 95E2A492265D264000F599B6 /* Bazooka.swift */; };
/* End PBXBuildFile section */

/* Begin PBXContainerItemProxy section */
		95E2A47E265D23E000F599B6 /* PBXContainerItemProxy */ = {
			isa = PBXContainerItemProxy;
			containerPortal = 95E2A46A265D23E000F599B6 /* Project object */;
			proxyType = 1;
			remoteGlobalIDString = 95E2A472265D23E000F599B6;
			remoteInfo = Bazooka;
		};
/* End PBXContainerItemProxy section */

/* Begin PBXFileReference section */
		95E2A473265D23E000F599B6 /* Bazooka.framework */ = {isa = PBXFileReference; explicitFileType = wrapper.framework; includeInIndex = 0; path = Bazooka.framework; sourceTree = BUILT_PRODUCTS_DIR; };
		95E2A476265D23E000F599B6 /* Bazooka.h */ = {isa = PBXFileReference; lastKnownFileType = sourcecode.c.h; path = Bazooka.h; sourceTree = "<group>"; };
		95E2A477265D23E000F599B6 /* Info.plist */ = {isa = PBXFileReference; lastKnownFileType = text.plist.xml; path = Info.plist; sourceTree = "<group>"; };
		95E2A47C265D23E000F599B6 /* BazookaTests.xctest */ = {isa = PBXFileReference; explicitFileType = wrapper.cfbundle; includeInIndex = 0; path = BazookaTests.xctest; sourceTree = BUILT_PRODUCTS_DIR; };
		95E2A481265D23E000F599B6 /* BazookaTests.swift */ = {isa = PBXFileReference; lastKnownFileType = sourcecode.swift; path = BazookaTests.swift; sourceTree = "<group>"; };
		95E2A483265D23E000F599B6 /* Info.plist */ = {isa = PBXFileReference; lastKnownFileType = text.plist.xml; path = Info.plist; sourceTree = "<group>"; };
		95E2A48F265D24E200F599B6 /* README.md */ = {isa = PBXFileReference; lastKnownFileType = net.daringfireball.markdown; path = README.md; sourceTree = "<group>"; };
		95E2A490265D24FF00F599B6 /* LICENSE.md */ = {isa = PBXFileReference; lastKnownFileType = net.daringfireball.markdown; path = LICENSE.md; sourceTree = "<group>"; };
		95E2A491265D252100F599B6 /* Package.swift */ = {isa = PBXFileReference; lastKnownFileType = sourcecode.swift; path = Package.swift; sourceTree = "<group>"; };
		95E2A492265D264000F599B6 /* Bazooka.swift */ = {isa = PBXFileReference; lastKnownFileType = sourcecode.swift; path = Bazooka.swift; sourceTree = "<group>"; };
/* End PBXFileReference section */

/* Begin PBXFrameworksBuildPhase section */
		95E2A470265D23E000F599B6 /* Frameworks */ = {
			isa = PBXFrameworksBuildPhase;
			buildActionMask = 2147483647;
			files = (
			);
			runOnlyForDeploymentPostprocessing = 0;
		};
		95E2A479265D23E000F599B6 /* Frameworks */ = {
			isa = PBXFrameworksBuildPhase;
			buildActionMask = 2147483647;
			files = (
				95E2A47D265D23E000F599B6 /* Bazooka.framework in Frameworks */,
			);
			runOnlyForDeploymentPostprocessing = 0;
		};
/* End PBXFrameworksBuildPhase section */

/* Begin PBXGroup section */
		95E2A469265D23E000F599B6 = {
			isa = PBXGroup;
			children = (
				95E2A491265D252100F599B6 /* Package.swift */,
				95E2A490265D24FF00F599B6 /* LICENSE.md */,
				95E2A48F265D24E200F599B6 /* README.md */,
				95E2A477265D23E000F599B6 /* Info.plist */,
				95E2A48D265D243600F599B6 /* Sources */,
				95E2A48E265D243C00F599B6 /* Tests */,
				95E2A474265D23E000F599B6 /* Products */,
			);
			sourceTree = "<group>";
		};
		95E2A474265D23E000F599B6 /* Products */ = {
			isa = PBXGroup;
			children = (
				95E2A473265D23E000F599B6 /* Bazooka.framework */,
				95E2A47C265D23E000F599B6 /* BazookaTests.xctest */,
			);
			name = Products;
			sourceTree = "<group>";
		};
		95E2A475265D23E000F599B6 /* Bazooka */ = {
			isa = PBXGroup;
			children = (
				95E2A476265D23E000F599B6 /* Bazooka.h */,
				95E2A492265D264000F599B6 /* Bazooka.swift */,
			);
			path = Bazooka;
			sourceTree = "<group>";
		};
		95E2A480265D23E000F599B6 /* BazookaTests */ = {
			isa = PBXGroup;
			children = (
				95E2A481265D23E000F599B6 /* BazookaTests.swift */,
				95E2A483265D23E000F599B6 /* Info.plist */,
			);
			path = BazookaTests;
			sourceTree = "<group>";
		};
		95E2A48D265D243600F599B6 /* Sources */ = {
			isa = PBXGroup;
			children = (
				95E2A475265D23E000F599B6 /* Bazooka */,
			);
			path = Sources;
			sourceTree = "<group>";
		};
		95E2A48E265D243C00F599B6 /* Tests */ = {
			isa = PBXGroup;
			children = (
				95E2A480265D23E000F599B6 /* BazookaTests */,
			);
			path = Tests;
			sourceTree = "<group>";
		};
/* End PBXGroup section */

/* Begin PBXHeadersBuildPhase section */
		95E2A46E265D23E000F599B6 /* Headers */ = {
			isa = PBXHeadersBuildPhase;
			buildActionMask = 2147483647;
			files = (
				95E2A484265D23E000F599B6 /* Bazooka.h in Headers */,
			);
			runOnlyForDeploymentPostprocessing = 0;
		};
/* End PBXHeadersBuildPhase section */

/* Begin PBXNativeTarget section */
		95E2A472265D23E000F599B6 /* Bazooka */ = {
			isa = PBXNativeTarget;
			buildConfigurationList = 95E2A487265D23E000F599B6 /* Build configuration list for PBXNativeTarget "Bazooka" */;
			buildPhases = (
				95E2A46E265D23E000F599B6 /* Headers */,
				95E2A46F265D23E000F599B6 /* Sources */,
				95E2A470265D23E000F599B6 /* Frameworks */,
				95E2A471265D23E000F599B6 /* Resources */,
			);
			buildRules = (
			);
			dependencies = (
			);
			name = Bazooka;
			productName = Bazooka;
			productReference = 95E2A473265D23E000F599B6 /* Bazooka.framework */;
			productType = "com.apple.product-type.framework";
		};
		95E2A47B265D23E000F599B6 /* BazookaTests */ = {
			isa = PBXNativeTarget;
			buildConfigurationList = 95E2A48A265D23E000F599B6 /* Build configuration list for PBXNativeTarget "BazookaTests" */;
			buildPhases = (
				95E2A478265D23E000F599B6 /* Sources */,
				95E2A479265D23E000F599B6 /* Frameworks */,
				95E2A47A265D23E000F599B6 /* Resources */,
			);
			buildRules = (
			);
			dependencies = (
				95E2A47F265D23E000F599B6 /* PBXTargetDependency */,
			);
			name = BazookaTests;
			productName = BazookaTests;
			productReference = 95E2A47C265D23E000F599B6 /* BazookaTests.xctest */;
			productType = "com.apple.product-type.bundle.unit-test";
		};
/* End PBXNativeTarget section */

/* Begin PBXProject section */
		95E2A46A265D23E000F599B6 /* Project object */ = {
			isa = PBXProject;
			attributes = {
				LastSwiftUpdateCheck = 1250;
				LastUpgradeCheck = 1250;
				TargetAttributes = {
					95E2A472265D23E000F599B6 = {
						CreatedOnToolsVersion = 12.5;
						LastSwiftMigration = 1250;
					};
					95E2A47B265D23E000F599B6 = {
						CreatedOnToolsVersion = 12.5;
					};
				};
			};
			buildConfigurationList = 95E2A46D265D23E000F599B6 /* Build configuration list for PBXProject "Bazooka" */;
			compatibilityVersion = "Xcode 9.3";
			developmentRegion = en;
			hasScannedForEncodings = 0;
			knownRegions = (
				en,
				Base,
			);
			mainGroup = 95E2A469265D23E000F599B6;
			productRefGroup = 95E2A474265D23E000F599B6 /* Products */;
			projectDirPath = "";
			projectRoot = "";
			targets = (
				95E2A472265D23E000F599B6 /* Bazooka */,
				95E2A47B265D23E000F599B6 /* BazookaTests */,
			);
		};
/* End PBXProject section */

/* Begin PBXResourcesBuildPhase section */
		95E2A471265D23E000F599B6 /* Resources */ = {
			isa = PBXResourcesBuildPhase;
			buildActionMask = 2147483647;
			files = (
			);
			runOnlyForDeploymentPostprocessing = 0;
		};
		95E2A47A265D23E000F599B6 /* Resources */ = {
			isa = PBXResourcesBuildPhase;
			buildActionMask = 2147483647;
			files = (
			);
			runOnlyForDeploymentPostprocessing = 0;
		};
/* End PBXResourcesBuildPhase section */

/* Begin PBXSourcesBuildPhase section */
		95E2A46F265D23E000F599B6 /* Sources */ = {
			isa = PBXSourcesBuildPhase;
			buildActionMask = 2147483647;
			files = (
				95E2A493265D264000F599B6 /* Bazooka.swift in Sources */,
			);
			runOnlyForDeploymentPostprocessing = 0;
		};
		95E2A478265D23E000F599B6 /* Sources */ = {
			isa = PBXSourcesBuildPhase;
			buildActionMask = 2147483647;
			files = (
				95E2A482265D23E000F599B6 /* BazookaTests.swift in Sources */,
			);
			runOnlyForDeploymentPostprocessing = 0;
		};
/* End PBXSourcesBuildPhase section */

/* Begin PBXTargetDependency section */
		95E2A47F265D23E000F599B6 /* PBXTargetDependency */ = {
			isa = PBXTargetDependency;
			target = 95E2A472265D23E000F599B6 /* Bazooka */;
			targetProxy = 95E2A47E265D23E000F599B6 /* PBXContainerItemProxy */;
		};
/* End PBXTargetDependency section */

/* Begin XCBuildConfiguration section */
		95E2A485265D23E000F599B6 /* Debug */ = {
			isa = XCBuildConfiguration;
			buildSettings = {
				ALWAYS_SEARCH_USER_PATHS = NO;
				CLANG_ANALYZER_NONNULL = YES;
				CLANG_ANALYZER_NUMBER_OBJECT_CONVERSION = YES_AGGRESSIVE;
				CLANG_CXX_LANGUAGE_STANDARD = "gnu++14";
				CLANG_CXX_LIBRARY = "libc++";
				CLANG_ENABLE_MODULES = YES;
				CLANG_ENABLE_OBJC_ARC = YES;
				CLANG_ENABLE_OBJC_WEAK = YES;
				CLANG_WARN_BLOCK_CAPTURE_AUTORELEASING = YES;
				CLANG_WARN_BOOL_CONVERSION = YES;
				CLANG_WARN_COMMA = YES;
				CLANG_WARN_CONSTANT_CONVERSION = YES;
				CLANG_WARN_DEPRECATED_OBJC_IMPLEMENTATIONS = YES;
				CLANG_WARN_DIRECT_OBJC_ISA_USAGE = YES_ERROR;
				CLANG_WARN_DOCUMENTATION_COMMENTS = YES;
				CLANG_WARN_EMPTY_BODY = YES;
				CLANG_WARN_ENUM_CONVERSION = YES;
				CLANG_WARN_INFINITE_RECURSION = YES;
				CLANG_WARN_INT_CONVERSION = YES;
				CLANG_WARN_NON_LITERAL_NULL_CONVERSION = YES;
				CLANG_WARN_OBJC_IMPLICIT_RETAIN_SELF = YES;
				CLANG_WARN_OBJC_LITERAL_CONVERSION = YES;
				CLANG_WARN_OBJC_ROOT_CLASS = YES_ERROR;
				CLANG_WARN_QUOTED_INCLUDE_IN_FRAMEWORK_HEADER = YES;
				CLANG_WARN_RANGE_LOOP_ANALYSIS = YES;
				CLANG_WARN_STRICT_PROTOTYPES = YES;
				CLANG_WARN_SUSPICIOUS_MOVE = YES;
				CLANG_WARN_UNGUARDED_AVAILABILITY = YES_AGGRESSIVE;
				CLANG_WARN_UNREACHABLE_CODE = YES;
				CLANG_WARN__DUPLICATE_METHOD_MATCH = YES;
				COPY_PHASE_STRIP = NO;
				CURRENT_PROJECT_VERSION = 1;
				DEBUG_INFORMATION_FORMAT = dwarf;
				ENABLE_STRICT_OBJC_MSGSEND = YES;
				ENABLE_TESTABILITY = YES;
				GCC_C_LANGUAGE_STANDARD = gnu11;
				GCC_DYNAMIC_NO_PIC = NO;
				GCC_NO_COMMON_BLOCKS = YES;
				GCC_OPTIMIZATION_LEVEL = 0;
				GCC_PREPROCESSOR_DEFINITIONS = (
					"DEBUG=1",
					"$(inherited)",
				);
				GCC_WARN_64_TO_32_BIT_CONVERSION = YES;
				GCC_WARN_ABOUT_RETURN_TYPE = YES_ERROR;
				GCC_WARN_UNDECLARED_SELECTOR = YES;
				GCC_WARN_UNINITIALIZED_AUTOS = YES_AGGRESSIVE;
				GCC_WARN_UNUSED_FUNCTION = YES;
				GCC_WARN_UNUSED_VARIABLE = YES;
				IPHONEOS_DEPLOYMENT_TARGET = 13.0;
				MTL_ENABLE_DEBUG_INFO = INCLUDE_SOURCE;
				MTL_FAST_MATH = YES;
				ONLY_ACTIVE_ARCH = YES;
				SDKROOT = iphoneos;
				SWIFT_ACTIVE_COMPILATION_CONDITIONS = DEBUG;
				SWIFT_OPTIMIZATION_LEVEL = "-Onone";
				VERSIONING_SYSTEM = "apple-generic";
				VERSION_INFO_PREFIX = "";
			};
			name = Debug;
		};
		95E2A486265D23E000F599B6 /* Release */ = {
			isa = XCBuildConfiguration;
			buildSettings = {
				ALWAYS_SEARCH_USER_PATHS = NO;
				CLANG_ANALYZER_NONNULL = YES;
				CLANG_ANALYZER_NUMBER_OBJECT_CONVERSION = YES_AGGRESSIVE;
				CLANG_CXX_LANGUAGE_STANDARD = "gnu++14";
				CLANG_CXX_LIBRARY = "libc++";
				CLANG_ENABLE_MODULES = YES;
				CLANG_ENABLE_OBJC_ARC = YES;
				CLANG_ENABLE_OBJC_WEAK = YES;
				CLANG_WARN_BLOCK_CAPTURE_AUTORELEASING = YES;
				CLANG_WARN_BOOL_CONVERSION = YES;
				CLANG_WARN_COMMA = YES;
				CLANG_WARN_CONSTANT_CONVERSION = YES;
				CLANG_WARN_DEPRECATED_OBJC_IMPLEMENTATIONS = YES;
				CLANG_WARN_DIRECT_OBJC_ISA_USAGE = YES_ERROR;
				CLANG_WARN_DOCUMENTATION_COMMENTS = YES;
				CLANG_WARN_EMPTY_BODY = YES;
				CLANG_WARN_ENUM_CONVERSION = YES;
				CLANG_WARN_INFINITE_RECURSION = YES;
				CLANG_WARN_INT_CONVERSION = YES;
				CLANG_WARN_NON_LITERAL_NULL_CONVERSION = YES;
				CLANG_WARN_OBJC_IMPLICIT_RETAIN_SELF = YES;
				CLANG_WARN_OBJC_LITERAL_CONVERSION = YES;
				CLANG_WARN_OBJC_ROOT_CLASS = YES_ERROR;
				CLANG_WARN_QUOTED_INCLUDE_IN_FRAMEWORK_HEADER = YES;
				CLANG_WARN_RANGE_LOOP_ANALYSIS = YES;
				CLANG_WARN_STRICT_PROTOTYPES = YES;
				CLANG_WARN_SUSPICIOUS_MOVE = YES;
				CLANG_WARN_UNGUARDED_AVAILABILITY = YES_AGGRESSIVE;
				CLANG_WARN_UNREACHABLE_CODE = YES;
				CLANG_WARN__DUPLICATE_METHOD_MATCH = YES;
				COPY_PHASE_STRIP = NO;
				CURRENT_PROJECT_VERSION = 1;
				DEBUG_INFORMATION_FORMAT = "dwarf-with-dsym";
				ENABLE_NS_ASSERTIONS = NO;
				ENABLE_STRICT_OBJC_MSGSEND = YES;
				GCC_C_LANGUAGE_STANDARD = gnu11;
				GCC_NO_COMMON_BLOCKS = YES;
				GCC_WARN_64_TO_32_BIT_CONVERSION = YES;
				GCC_WARN_ABOUT_RETURN_TYPE = YES_ERROR;
				GCC_WARN_UNDECLARED_SELECTOR = YES;
				GCC_WARN_UNINITIALIZED_AUTOS = YES_AGGRESSIVE;
				GCC_WARN_UNUSED_FUNCTION = YES;
				GCC_WARN_UNUSED_VARIABLE = YES;
				IPHONEOS_DEPLOYMENT_TARGET = 13.0;
				MTL_ENABLE_DEBUG_INFO = NO;
				MTL_FAST_MATH = YES;
				SDKROOT = iphoneos;
				SWIFT_COMPILATION_MODE = wholemodule;
				SWIFT_OPTIMIZATION_LEVEL = "-O";
				VALIDATE_PRODUCT = YES;
				VERSIONING_SYSTEM = "apple-generic";
				VERSION_INFO_PREFIX = "";
			};
			name = Release;
		};
		95E2A488265D23E000F599B6 /* Debug */ = {
			isa = XCBuildConfiguration;
			buildSettings = {
				CLANG_ENABLE_MODULES = YES;
				CODE_SIGN_STYLE = Automatic;
				DEFINES_MODULE = YES;
				DYLIB_COMPATIBILITY_VERSION = 1;
				DYLIB_CURRENT_VERSION = 1;
				DYLIB_INSTALL_NAME_BASE = "@rpath";
				INFOPLIST_FILE = Info.plist;
				INSTALL_PATH = "$(LOCAL_LIBRARY_DIR)/Frameworks";
				LD_RUNPATH_SEARCH_PATHS = (
					"$(inherited)",
					"@executable_path/Frameworks",
					"@loader_path/Frameworks",
				);
				PRODUCT_BUNDLE_IDENTIFIER = io.dennistech.Bazooka;
				PRODUCT_NAME = "$(TARGET_NAME:c99extidentifier)";
				SKIP_INSTALL = YES;
				SUPPORTS_MACCATALYST = NO;
				SWIFT_OPTIMIZATION_LEVEL = "-Onone";
				SWIFT_VERSION = 5.0;
				TARGETED_DEVICE_FAMILY = "1,2";
			};
			name = Debug;
		};
		95E2A489265D23E000F599B6 /* Release */ = {
			isa = XCBuildConfiguration;
			buildSettings = {
				CLANG_ENABLE_MODULES = YES;
				CODE_SIGN_STYLE = Automatic;
				DEFINES_MODULE = YES;
				DYLIB_COMPATIBILITY_VERSION = 1;
				DYLIB_CURRENT_VERSION = 1;
				DYLIB_INSTALL_NAME_BASE = "@rpath";
				INFOPLIST_FILE = Info.plist;
				INSTALL_PATH = "$(LOCAL_LIBRARY_DIR)/Frameworks";
				LD_RUNPATH_SEARCH_PATHS = (
					"$(inherited)",
					"@executable_path/Frameworks",
					"@loader_path/Frameworks",
				);
				PRODUCT_BUNDLE_IDENTIFIER = io.dennistech.Bazooka;
				PRODUCT_NAME = "$(TARGET_NAME:c99extidentifier)";
				SKIP_INSTALL = YES;
				SUPPORTS_MACCATALYST = NO;
				SWIFT_VERSION = 5.0;
				TARGETED_DEVICE_FAMILY = "1,2";
			};
			name = Release;
		};
		95E2A48B265D23E000F599B6 /* Debug */ = {
			isa = XCBuildConfiguration;
			buildSettings = {
				ALWAYS_EMBED_SWIFT_STANDARD_LIBRARIES = YES;
				CODE_SIGN_STYLE = Automatic;
				INFOPLIST_FILE = Tests/BazookaTests/Info.plist;
				LD_RUNPATH_SEARCH_PATHS = (
					"$(inherited)",
					"@executable_path/Frameworks",
					"@loader_path/Frameworks",
				);
				PRODUCT_BUNDLE_IDENTIFIER = io.dennistech.BazookaTests;
				PRODUCT_NAME = "$(TARGET_NAME)";
				SWIFT_VERSION = 5.0;
				TARGETED_DEVICE_FAMILY = "1,2";
			};
			name = Debug;
		};
		95E2A48C265D23E000F599B6 /* Release */ = {
			isa = XCBuildConfiguration;
			buildSettings = {
				ALWAYS_EMBED_SWIFT_STANDARD_LIBRARIES = YES;
				CODE_SIGN_STYLE = Automatic;
				INFOPLIST_FILE = Tests/BazookaTests/Info.plist;
				LD_RUNPATH_SEARCH_PATHS = (
					"$(inherited)",
					"@executable_path/Frameworks",
					"@loader_path/Frameworks",
				);
				PRODUCT_BUNDLE_IDENTIFIER = io.dennistech.BazookaTests;
				PRODUCT_NAME = "$(TARGET_NAME)";
				SWIFT_VERSION = 5.0;
				TARGETED_DEVICE_FAMILY = "1,2";
			};
			name = Release;
		};
/* End XCBuildConfiguration section */

/* Begin XCConfigurationList section */
		95E2A46D265D23E000F599B6 /* Build configuration list for PBXProject "Bazooka" */ = {
			isa = XCConfigurationList;
			buildConfigurations = (
				95E2A485265D23E000F599B6 /* Debug */,
				95E2A486265D23E000F599B6 /* Release */,
			);
			defaultConfigurationIsVisible = 0;
			defaultConfigurationName = Release;
		};
		95E2A487265D23E000F599B6 /* Build configuration list for PBXNativeTarget "Bazooka" */ = {
			isa = XCConfigurationList;
			buildConfigurations = (
				95E2A488265D23E000F599B6 /* Debug */,
				95E2A489265D23E000F599B6 /* Release */,
			);
			defaultConfigurationIsVisible = 0;
			defaultConfigurationName = Release;
		};
		95E2A48A265D23E000F599B6 /* Build configuration list for PBXNativeTarget "BazookaTests" */ = {
			isa = XCConfigurationList;
			buildConfigurations = (
				95E2A48B265D23E000F599B6 /* Debug */,
				95E2A48C265D23E000F599B6 /* Release */,
			);
			defaultConfigurationIsVisible = 0;
			defaultConfigurationName = Release;
		};
/* End XCConfigurationList section */
	};
	rootObject = 95E2A46A265D23E000F599B6 /* Project object */;
}
